
Microsoft Visual Studio Solution File, Format Version 12.00
# Visual Studio 15
VisualStudioVersion = 15.0.28010.2041
MinimumVisualStudioVersion = 10.0.40219.1
Project("{FAE04EC0-301F-11D3-BF4B-00C04F79EFBC}") = "WpfGescale", "WpfGescale\WpfGescale.csproj", "{498FF6B8-C74E-4AD8-A685-CAB222BE664A}"
EndProject
Global
	GlobalSection(SolutionConfigurationPlatforms) = preSolution
		Debug|Any CPU = Debug|Any CPU
		Release|Any CPU = Release|Any CPU
	EndGlobalSection
	GlobalSection(ProjectConfigurationPlatforms) = postSolution
		{498FF6B8-C74E-4AD8-A685-CAB222BE664A}.Debug|Any CPU.ActiveCfg = Debug|Any CPU
		{498FF6B8-C74E-4AD8-A685-CAB222BE664A}.Debug|Any CPU.Build.0 = Debug|Any CPU
		{498FF6B8-C74E-4AD8-A685-CAB222BE664A}.Release|Any CPU.ActiveCfg = Release|Any CPU
		{498FF6B8-C74E-4AD8-A685-CAB222BE664A}.Release|Any CPU.Build.0 = Release|Any CPU
	EndGlobalSection
	GlobalSection(SolutionProperties) = preSolution
		HideSolutionNode = FALSE
	EndGlobalSection
	GlobalSection(ExtensibilityGlobals) = postSolution
		SolutionGuid = {DC96FD78-F15D-4F43-84E2-C541781CB7D9}
	EndGlobalSection
	GlobalSection(TeamFoundationVersionControl) = preSolution
		SccNumberOfProjects = 2
		SccEnterpriseProvider = {4CA58AB2-18FA-4F8D-95D4-32DDF27D184C}
		SccTeamFoundationServer = http://rose:8080/tfs/sioi
		SccLocalPath0 = .
		SccProjectUniqueName1 = WpfGescale\\WpfGescale.csproj
		SccProjectName1 = WpfGescale
		SccLocalPath1 = WpfGescale
	EndGlobalSection
EndGlobal
